
Microsoft Visual Studio Solution File, Format Version 12.00
# Visual Studio Version 17
VisualStudioVersion = 17.10.35027.167
MinimumVisualStudioVersion = 10.0.40219.1
Project("{9A19103F-16F7-4668-BE54-9A1E7A4F7556}") = "DocumentArchiverAPI", "DocumentArchiverAPI\DocumentArchiverAPI.csproj", "{E579E15A-2DE6-4204-83BE-3A6EC4C7EDA6}"
EndProject
Project("{FAE04EC0-301F-11D3-BF4B-00C04F79EFBC}") = "IdentityCoreAPI", "IdentityCoreAPI\IdentityCoreAPI.csproj", "{CA5379F6-B50C-F7C7-C3A0-D1B891016BD2}"
EndProject
Project("{2150E333-8FDC-42A3-9474-1A3956D46DE8}") = "Solution Items", "Solution Items", "{8EC462FD-D22E-90A8-E5CE-7E832BA40C5D}"
	ProjectSection(SolutionItems) = preProject
		.gitignore = .gitignore
		myNotes.docx = myNotes.docx
	EndProjectSection
EndProject
Global
	GlobalSection(SolutionConfigurationPlatforms) = preSolution
		Debug|Any CPU = Debug|Any CPU
		Release|Any CPU = Release|Any CPU
	EndGlobalSection
	GlobalSection(ProjectConfigurationPlatforms) = postSolution
		{E579E15A-2DE6-4204-83BE-3A6EC4C7EDA6}.Debug|Any CPU.ActiveCfg = Debug|Any CPU
		{E579E15A-2DE6-4204-83BE-3A6EC4C7EDA6}.Debug|Any CPU.Build.0 = Debug|Any CPU
		{E579E15A-2DE6-4204-83BE-3A6EC4C7EDA6}.Release|Any CPU.ActiveCfg = Release|Any CPU
		{E579E15A-2DE6-4204-83BE-3A6EC4C7EDA6}.Release|Any CPU.Build.0 = Release|Any CPU
		{CA5379F6-B50C-F7C7-C3A0-D1B891016BD2}.Debug|Any CPU.ActiveCfg = Debug|Any CPU
		{CA5379F6-B50C-F7C7-C3A0-D1B891016BD2}.Debug|Any CPU.Build.0 = Debug|Any CPU
		{CA5379F6-B50C-F7C7-C3A0-D1B891016BD2}.Release|Any CPU.ActiveCfg = Release|Any CPU
		{CA5379F6-B50C-F7C7-C3A0-D1B891016BD2}.Release|Any CPU.Build.0 = Release|Any CPU
	EndGlobalSection
	GlobalSection(SolutionProperties) = preSolution
		HideSolutionNode = FALSE
	EndGlobalSection
	GlobalSection(ExtensibilityGlobals) = postSolution
		SolutionGuid = {C966D934-BE2E-42F2-81C3-E1DA96187222}
	EndGlobalSection
EndGlobal
